// !$*UTF8*$!
{
	archiveVersion = 1;
	classes = {
	};
	objectVersion = 48;
	objects = {

/* Begin PBXBuildFile section */
		B60D0655205ECA6400046D9E /* AppDelegate.swift in Sources */ = {isa = PBXBuildFile; fileRef = B60D0654205ECA6400046D9E /* AppDelegate.swift */; };
		B60D0657205ECA6400046D9E /* CustomerViewController.swift in Sources */ = {isa = PBXBuildFile; fileRef = B60D0656205ECA6400046D9E /* CustomerViewController.swift */; };
		B60D065A205ECA6400046D9E /* Main.storyboard in Resources */ = {isa = PBXBuildFile; fileRef = B60D0658205ECA6400046D9E /* Main.storyboard */; };
		B60D065C205ECA6400046D9E /* Assets.xcassets in Resources */ = {isa = PBXBuildFile; fileRef = B60D065B205ECA6400046D9E /* Assets.xcassets */; };
		B60D065F205ECA6400046D9E /* LaunchScreen.storyboard in Resources */ = {isa = PBXBuildFile; fileRef = B60D065D205ECA6400046D9E /* LaunchScreen.storyboard */; };
		B60D066B205F145900046D9E /* CustomerTableViewCell.swift in Sources */ = {isa = PBXBuildFile; fileRef = B60D066A205F145900046D9E /* CustomerTableViewCell.swift */; };
		B60D066E205F41FA00046D9E /* Customer.swift in Sources */ = {isa = PBXBuildFile; fileRef = B60D066D205F41FA00046D9E /* Customer.swift */; };
/* End PBXBuildFile section */

/* Begin PBXFileReference section */
		B60D0651205ECA6400046D9E /* Seguros.app */ = {isa = PBXFileReference; explicitFileType = wrapper.application; includeInIndex = 0; path = Seguros.app; sourceTree = BUILT_PRODUCTS_DIR; };
		B60D0654205ECA6400046D9E /* AppDelegate.swift */ = {isa = PBXFileReference; lastKnownFileType = sourcecode.swift; path = AppDelegate.swift; sourceTree = "<group>"; };
		B60D0656205ECA6400046D9E /* CustomerViewController.swift */ = {isa = PBXFileReference; lastKnownFileType = sourcecode.swift; path = CustomerViewController.swift; sourceTree = "<group>"; };
		B60D0659205ECA6400046D9E /* Base */ = {isa = PBXFileReference; lastKnownFileType = file.storyboard; name = Base; path = Base.lproj/Main.storyboard; sourceTree = "<group>"; };
		B60D065B205ECA6400046D9E /* Assets.xcassets */ = {isa = PBXFileReference; lastKnownFileType = folder.assetcatalog; path = Assets.xcassets; sourceTree = "<group>"; };
		B60D065E205ECA6400046D9E /* Base */ = {isa = PBXFileReference; lastKnownFileType = file.storyboard; name = Base; path = Base.lproj/LaunchScreen.storyboard; sourceTree = "<group>"; };
		B60D0660205ECA6400046D9E /* Info.plist */ = {isa = PBXFileReference; lastKnownFileType = text.plist.xml; path = Info.plist; sourceTree = "<group>"; };
		B60D066A205F145900046D9E /* CustomerTableViewCell.swift */ = {isa = PBXFileReference; lastKnownFileType = sourcecode.swift; path = CustomerTableViewCell.swift; sourceTree = "<group>"; };
		B60D066D205F41FA00046D9E /* Customer.swift */ = {isa = PBXFileReference; lastKnownFileType = sourcecode.swift; path = Customer.swift; sourceTree = "<group>"; };
/* End PBXFileReference section */

/* Begin PBXFrameworksBuildPhase section */
		B60D064E205ECA6400046D9E /* Frameworks */ = {
			isa = PBXFrameworksBuildPhase;
			buildActionMask = 2147483647;
			files = (
			);
			runOnlyForDeploymentPostprocessing = 0;
		};
/* End PBXFrameworksBuildPhase section */

/* Begin PBXGroup section */
		B60D0648205ECA6400046D9E = {
			isa = PBXGroup;
			children = (
				B60D0653205ECA6400046D9E /* Seguros */,
				B60D0652205ECA6400046D9E /* Products */,
			);
			sourceTree = "<group>";
		};
		B60D0652205ECA6400046D9E /* Products */ = {
			isa = PBXGroup;
			children = (
				B60D0651205ECA6400046D9E /* Seguros.app */,
			);
			name = Products;
			sourceTree = "<group>";
		};
		B60D0653205ECA6400046D9E /* Seguros */ = {
			isa = PBXGroup;
			children = (
				B60D066C205F41E200046D9E /* Model */,
				B60D0669205EEFAE00046D9E /* Resources */,
				B60D0668205EED4500046D9E /* Customer */,
				B60D0654205ECA6400046D9E /* AppDelegate.swift */,
				B60D0658205ECA6400046D9E /* Main.storyboard */,
				B60D065D205ECA6400046D9E /* LaunchScreen.storyboard */,
				B60D0660205ECA6400046D9E /* Info.plist */,
			);
			path = Seguros;
			sourceTree = "<group>";
		};
		B60D0668205EED4500046D9E /* Customer */ = {
			isa = PBXGroup;
			children = (
				B60D0656205ECA6400046D9E /* CustomerViewController.swift */,
				B60D066A205F145900046D9E /* CustomerTableViewCell.swift */,
			);
			path = Customer;
			sourceTree = "<group>";
		};
		B60D0669205EEFAE00046D9E /* Resources */ = {
			isa = PBXGroup;
			children = (
				B60D065B205ECA6400046D9E /* Assets.xcassets */,
			);
			path = Resources;
			sourceTree = "<group>";
		};
		B60D066C205F41E200046D9E /* Model */ = {
			isa = PBXGroup;
			children = (
				B60D066D205F41FA00046D9E /* Customer.swift */,
			);
			path = Model;
			sourceTree = "<group>";
		};
/* End PBXGroup section */

/* Begin PBXNativeTarget section */
		B60D0650205ECA6400046D9E /* Seguros */ = {
			isa = PBXNativeTarget;
			buildConfigurationList = B60D0663205ECA6400046D9E /* Build configuration list for PBXNativeTarget "Seguros" */;
			buildPhases = (
				B60D064D205ECA6400046D9E /* Sources */,
				B60D064E205ECA6400046D9E /* Frameworks */,
				B60D064F205ECA6400046D9E /* Resources */,
			);
			buildRules = (
			);
			dependencies = (
			);
			name = Seguros;
			productName = Seguros;
			productReference = B60D0651205ECA6400046D9E /* Seguros.app */;
			productType = "com.apple.product-type.application";
		};
/* End PBXNativeTarget section */

/* Begin PBXProject section */
		B60D0649205ECA6400046D9E /* Project object */ = {
			isa = PBXProject;
			attributes = {
				LastSwiftUpdateCheck = 0920;
				LastUpgradeCheck = 0920;
				ORGANIZATIONNAME = "Mauricio Esteves";
				TargetAttributes = {
					B60D0650205ECA6400046D9E = {
						CreatedOnToolsVersion = 9.2;
						ProvisioningStyle = Automatic;
					};
				};
			};
			buildConfigurationList = B60D064C205ECA6400046D9E /* Build configuration list for PBXProject "Seguros" */;
			compatibilityVersion = "Xcode 8.0";
			developmentRegion = en;
			hasScannedForEncodings = 0;
			knownRegions = (
				en,
				Base,
			);
			mainGroup = B60D0648205ECA6400046D9E;
			productRefGroup = B60D0652205ECA6400046D9E /* Products */;
			projectDirPath = "";
			projectRoot = "";
			targets = (
				B60D0650205ECA6400046D9E /* Seguros */,
			);
		};
/* End PBXProject section */

/* Begin PBXResourcesBuildPhase section */
		B60D064F205ECA6400046D9E /* Resources */ = {
			isa = PBXResourcesBuildPhase;
			buildActionMask = 2147483647;
			files = (
				B60D065F205ECA6400046D9E /* LaunchScreen.storyboard in Resources */,
				B60D065C205ECA6400046D9E /* Assets.xcassets in Resources */,
				B60D065A205ECA6400046D9E /* Main.storyboard in Resources */,
			);
			runOnlyForDeploymentPostprocessing = 0;
		};
/* End PBXResourcesBuildPhase section */

/* Begin PBXSourcesBuildPhase section */
		B60D064D205ECA6400046D9E /* Sources */ = {
			isa = PBXSourcesBuildPhase;
			buildActionMask = 2147483647;
			files = (
				B60D0657205ECA6400046D9E /* CustomerViewController.swift in Sources */,
				B60D0655205ECA6400046D9E /* AppDelegate.swift in Sources */,
				B60D066B205F145900046D9E /* CustomerTableViewCell.swift in Sources */,
				B60D066E205F41FA00046D9E /* Customer.swift in Sources */,
			);
			runOnlyForDeploymentPostprocessing = 0;
		};
/* End PBXSourcesBuildPhase section */

/* Begin PBXVariantGroup section */
		B60D0658205ECA6400046D9E /* Main.storyboard */ = {
			isa = PBXVariantGroup;
			children = (
				B60D0659205ECA6400046D9E /* Base */,
			);
			name = Main.storyboard;
			sourceTree = "<group>";
		};
		B60D065D205ECA6400046D9E /* LaunchScreen.storyboard */ = {
			isa = PBXVariantGroup;
			children = (
				B60D065E205ECA6400046D9E /* Base */,
			);
			name = LaunchScreen.storyboard;
			sourceTree = "<group>";
		};
/* End PBXVariantGroup section */

/* Begin XCBuildConfiguration section */
		B60D0661205ECA6400046D9E /* Debug */ = {
			isa = XCBuildConfiguration;
			buildSettings = {
				ALWAYS_SEARCH_USER_PATHS = NO;
				CLANG_ANALYZER_NONNULL = YES;
				CLANG_ANALYZER_NUMBER_OBJECT_CONVERSION = YES_AGGRESSIVE;
				CLANG_CXX_LANGUAGE_STANDARD = "gnu++14";
				CLANG_CXX_LIBRARY = "libc++";
				CLANG_ENABLE_MODULES = YES;
				CLANG_ENABLE_OBJC_ARC = YES;
				CLANG_WARN_BLOCK_CAPTURE_AUTORELEASING = YES;
				CLANG_WARN_BOOL_CONVERSION = YES;
				CLANG_WARN_COMMA = YES;
				CLANG_WARN_CONSTANT_CONVERSION = YES;
				CLANG_WARN_DIRECT_OBJC_ISA_USAGE = YES_ERROR;
				CLANG_WARN_DOCUMENTATION_COMMENTS = YES;
				CLANG_WARN_EMPTY_BODY = YES;
				CLANG_WARN_ENUM_CONVERSION = YES;
				CLANG_WARN_INFINITE_RECURSION = YES;
				CLANG_WARN_INT_CONVERSION = YES;
				CLANG_WARN_NON_LITERAL_NULL_CONVERSION = YES;
				CLANG_WARN_OBJC_LITERAL_CONVERSION = YES;
				CLANG_WARN_OBJC_ROOT_CLASS = YES_ERROR;
				CLANG_WARN_RANGE_LOOP_ANALYSIS = YES;
				CLANG_WARN_STRICT_PROTOTYPES = YES;
				CLANG_WARN_SUSPICIOUS_MOVE = YES;
				CLANG_WARN_UNGUARDED_AVAILABILITY = YES_AGGRESSIVE;
				CLANG_WARN_UNREACHABLE_CODE = YES;
				CLANG_WARN__DUPLICATE_METHOD_MATCH = YES;
				CODE_SIGN_IDENTITY = "iPhone Developer";
				COPY_PHASE_STRIP = NO;
				DEBUG_INFORMATION_FORMAT = dwarf;
				ENABLE_STRICT_OBJC_MSGSEND = YES;
				ENABLE_TESTABILITY = YES;
				GCC_C_LANGUAGE_STANDARD = gnu11;
				GCC_DYNAMIC_NO_PIC = NO;
				GCC_NO_COMMON_BLOCKS = YES;
				GCC_OPTIMIZATION_LEVEL = 0;
				GCC_PREPROCESSOR_DEFINITIONS = (
					"DEBUG=1",
					"$(inherited)",
				);
				GCC_WARN_64_TO_32_BIT_CONVERSION = YES;
				GCC_WARN_ABOUT_RETURN_TYPE = YES_ERROR;
				GCC_WARN_UNDECLARED_SELECTOR = YES;
				GCC_WARN_UNINITIALIZED_AUTOS = YES_AGGRESSIVE;
				GCC_WARN_UNUSED_FUNCTION = YES;
				GCC_WARN_UNUSED_VARIABLE = YES;
				IPHONEOS_DEPLOYMENT_TARGET = 11.2;
				MTL_ENABLE_DEBUG_INFO = YES;
				ONLY_ACTIVE_ARCH = YES;
				SDKROOT = iphoneos;
				SWIFT_ACTIVE_COMPILATION_CONDITIONS = DEBUG;
				SWIFT_OPTIMIZATION_LEVEL = "-Onone";
			};
			name = Debug;
		};
		B60D0662205ECA6400046D9E /* Release */ = {
			isa = XCBuildConfiguration;
			buildSettings = {
				ALWAYS_SEARCH_USER_PATHS = NO;
				CLANG_ANALYZER_NONNULL = YES;
				CLANG_ANALYZER_NUMBER_OBJECT_CONVERSION = YES_AGGRESSIVE;
				CLANG_CXX_LANGUAGE_STANDARD = "gnu++14";
				CLANG_CXX_LIBRARY = "libc++";
				CLANG_ENABLE_MODULES = YES;
				CLANG_ENABLE_OBJC_ARC = YES;
				CLANG_WARN_BLOCK_CAPTURE_AUTORELEASING = YES;
				CLANG_WARN_BOOL_CONVERSION = YES;
				CLANG_WARN_COMMA = YES;
				CLANG_WARN_CONSTANT_CONVERSION = YES;
				CLANG_WARN_DIRECT_OBJC_ISA_USAGE = YES_ERROR;
				CLANG_WARN_DOCUMENTATION_COMMENTS = YES;
				CLANG_WARN_EMPTY_BODY = YES;
				CLANG_WARN_ENUM_CONVERSION = YES;
				CLANG_WARN_INFINITE_RECURSION = YES;
				CLANG_WARN_INT_CONVERSION = YES;
				CLANG_WARN_NON_LITERAL_NULL_CONVERSION = YES;
				CLANG_WARN_OBJC_LITERAL_CONVERSION = YES;
				CLANG_WARN_OBJC_ROOT_CLASS = YES_ERROR;
				CLANG_WARN_RANGE_LOOP_ANALYSIS = YES;
				CLANG_WARN_STRICT_PROTOTYPES = YES;
				CLANG_WARN_SUSPICIOUS_MOVE = YES;
				CLANG_WARN_UNGUARDED_AVAILABILITY = YES_AGGRESSIVE;
				CLANG_WARN_UNREACHABLE_CODE = YES;
				CLANG_WARN__DUPLICATE_METHOD_MATCH = YES;
				CODE_SIGN_IDENTITY = "iPhone Developer";
				COPY_PHASE_STRIP = NO;
				DEBUG_INFORMATION_FORMAT = "dwarf-with-dsym";
				ENABLE_NS_ASSERTIONS = NO;
				ENABLE_STRICT_OBJC_MSGSEND = YES;
				GCC_C_LANGUAGE_STANDARD = gnu11;
				GCC_NO_COMMON_BLOCKS = YES;
				GCC_WARN_64_TO_32_BIT_CONVERSION = YES;
				GCC_WARN_ABOUT_RETURN_TYPE = YES_ERROR;
				GCC_WARN_UNDECLARED_SELECTOR = YES;
				GCC_WARN_UNINITIALIZED_AUTOS = YES_AGGRESSIVE;
				GCC_WARN_UNUSED_FUNCTION = YES;
				GCC_WARN_UNUSED_VARIABLE = YES;
				IPHONEOS_DEPLOYMENT_TARGET = 11.2;
				MTL_ENABLE_DEBUG_INFO = NO;
				SDKROOT = iphoneos;
				SWIFT_OPTIMIZATION_LEVEL = "-Owholemodule";
				VALIDATE_PRODUCT = YES;
			};
			name = Release;
		};
		B60D0664205ECA6400046D9E /* Debug */ = {
			isa = XCBuildConfiguration;
			buildSettings = {
				ASSETCATALOG_COMPILER_APPICON_NAME = AppIcon;
				CODE_SIGN_STYLE = Automatic;
				INFOPLIST_FILE = Seguros/Info.plist;
				LD_RUNPATH_SEARCH_PATHS = "$(inherited) @executable_path/Frameworks";
				PRODUCT_BUNDLE_IDENTIFIER = esteves.corretora.Seguros;
				PRODUCT_NAME = "$(TARGET_NAME)";
				SWIFT_VERSION = 4.0;
				TARGETED_DEVICE_FAMILY = "1,2";
			};
			name = Debug;
		};
		B60D0665205ECA6400046D9E /* Release */ = {
			isa = XCBuildConfiguration;
			buildSettings = {
				ASSETCATALOG_COMPILER_APPICON_NAME = AppIcon;
				CODE_SIGN_STYLE = Automatic;
				INFOPLIST_FILE = Seguros/Info.plist;
				LD_RUNPATH_SEARCH_PATHS = "$(inherited) @executable_path/Frameworks";
				PRODUCT_BUNDLE_IDENTIFIER = esteves.corretora.Seguros;
				PRODUCT_NAME = "$(TARGET_NAME)";
				SWIFT_VERSION = 4.0;
				TARGETED_DEVICE_FAMILY = "1,2";
			};
			name = Release;
		};
/* End XCBuildConfiguration section */

/* Begin XCConfigurationList section */
		B60D064C205ECA6400046D9E /* Build configuration list for PBXProject "Seguros" */ = {
			isa = XCConfigurationList;
			buildConfigurations = (
				B60D0661205ECA6400046D9E /* Debug */,
				B60D0662205ECA6400046D9E /* Release */,
			);
			defaultConfigurationIsVisible = 0;
			defaultConfigurationName = Release;
		};
		B60D0663205ECA6400046D9E /* Build configuration list for PBXNativeTarget "Seguros" */ = {
			isa = XCConfigurationList;
			buildConfigurations = (
				B60D0664205ECA6400046D9E /* Debug */,
				B60D0665205ECA6400046D9E /* Release */,
			);
			defaultConfigurationIsVisible = 0;
			defaultConfigurationName = Release;
		};
/* End XCConfigurationList section */
	};
	rootObject = B60D0649205ECA6400046D9E /* Project object */;
}
